
Microsoft Visual Studio Solution File, Format Version 12.00
# Visual Studio Version 16
VisualStudioVersion = 16.0.30907.101
MinimumVisualStudioVersion = 10.0.40219.1
Project("{FAE04EC0-301F-11D3-BF4B-00C04F79EFBC}") = "SpaceGameProject", "SpaceGameProject\SpaceGameProject.csproj", "{B7B5C21C-AC59-4799-96D9-932AFA5C2EAC}"
EndProject
Project("{FAE04EC0-301F-11D3-BF4B-00C04F79EFBC}") = "Planets", "Planets\Planets.csproj", "{32814CDA-26B0-4AF3-B9AF-D9BD14A332C8}"
EndProject
Global
	GlobalSection(SolutionConfigurationPlatforms) = preSolution
		Debug|Any CPU = Debug|Any CPU
		Release|Any CPU = Release|Any CPU
	EndGlobalSection
	GlobalSection(ProjectConfigurationPlatforms) = postSolution
		{B7B5C21C-AC59-4799-96D9-932AFA5C2EAC}.Debug|Any CPU.ActiveCfg = Debug|Any CPU
		{B7B5C21C-AC59-4799-96D9-932AFA5C2EAC}.Debug|Any CPU.Build.0 = Debug|Any CPU
		{B7B5C21C-AC59-4799-96D9-932AFA5C2EAC}.Release|Any CPU.ActiveCfg = Release|Any CPU
		{B7B5C21C-AC59-4799-96D9-932AFA5C2EAC}.Release|Any CPU.Build.0 = Release|Any CPU
		{32814CDA-26B0-4AF3-B9AF-D9BD14A332C8}.Debug|Any CPU.ActiveCfg = Debug|Any CPU
		{32814CDA-26B0-4AF3-B9AF-D9BD14A332C8}.Debug|Any CPU.Build.0 = Debug|Any CPU
		{32814CDA-26B0-4AF3-B9AF-D9BD14A332C8}.Release|Any CPU.ActiveCfg = Release|Any CPU
		{32814CDA-26B0-4AF3-B9AF-D9BD14A332C8}.Release|Any CPU.Build.0 = Release|Any CPU
	EndGlobalSection
	GlobalSection(SolutionProperties) = preSolution
		HideSolutionNode = FALSE
	EndGlobalSection
	GlobalSection(ExtensibilityGlobals) = postSolution
		SolutionGuid = {157CDD77-B205-4E17-ACC1-883254BE02C0}
	EndGlobalSection
EndGlobal
